PODS:
  - Sourcery (1.9.0):
    - Sourcery/CLI-Only (= 1.9.0)
  - Sourcery/CLI-Only (1.9.0)
  - SwiftyMocky (4.3.0):
    - Sourcery (= 1.9.0)

DEPENDENCIES:
  - SwiftyMocky (from `./`)

SPEC REPOS:
  trunk:
    - Sourcery

EXTERNAL SOURCES:
  SwiftyMocky:
    :path: "./"

SPEC CHECKSUMS:
  Sourcery: d7c59d100e55bf59123c8ae7d65a24cf30748979
  SwiftyMocky: 6f27fa33be2b87b0636ccd319be1b7082c394bb7

PODFILE CHECKSUM: bdcefa827bbd4d82b3bb801ca8e42fd57d9afed5

COCOAPODS: 1.16.2
